
Microsoft Visual Studio Solution File, Format Version 12.00
# Visual Studio 15
VisualStudioVersion = 15.0.28307.271
MinimumVisualStudioVersion = 10.0.40219.1
Project("{FAE04EC0-301F-11D3-BF4B-00C04F79EFBC}") = "WebApi", "WebApi\WebApi.csproj", "{BD258350-341F-4C93-A79E-49A1BDC1F544}"
EndProject
Project("{FAE04EC0-301F-11D3-BF4B-00C04F79EFBC}") = "WebApi.Tests", "WebApi.Tests\WebApi.Tests.csproj", "{53676348-226D-4D76-A3E4-C3D3073EA296}"
EndProject
Project("{FAE04EC0-301F-11D3-BF4B-00C04F79EFBC}") = "Model", "Model\Model.csproj", "{F71235E0-1E7A-4535-8F18-2BA7830A5936}"
EndProject
Project("{FAE04EC0-301F-11D3-BF4B-00C04F79EFBC}") = "DataAccessLayer", "DataAccessLayer\DataAccessLayer.csproj", "{AAAF0160-E898-4133-B8B5-ABD437395520}"
EndProject
Project("{FAE04EC0-301F-11D3-BF4B-00C04F79EFBC}") = "Repository", "Repository\Repository.csproj", "{078B9CEC-BFC4-4928-AB1E-0DCEDF83EFB0}"
EndProject
Project("{FAE04EC0-301F-11D3-BF4B-00C04F79EFBC}") = "Services", "Services\Services.csproj", "{E65E7AAE-06DA-4F8D-9939-994B7DE6A8E4}"
EndProject
Global
	GlobalSection(SolutionConfigurationPlatforms) = preSolution
		Debug|Any CPU = Debug|Any CPU
		Release|Any CPU = Release|Any CPU
	EndGlobalSection
	GlobalSection(ProjectConfigurationPlatforms) = postSolution
		{BD258350-341F-4C93-A79E-49A1BDC1F544}.Debug|Any CPU.ActiveCfg = Debug|Any CPU
		{BD258350-341F-4C93-A79E-49A1BDC1F544}.Debug|Any CPU.Build.0 = Debug|Any CPU
		{BD258350-341F-4C93-A79E-49A1BDC1F544}.Release|Any CPU.ActiveCfg = Release|Any CPU
		{BD258350-341F-4C93-A79E-49A1BDC1F544}.Release|Any CPU.Build.0 = Release|Any CPU
		{53676348-226D-4D76-A3E4-C3D3073EA296}.Debug|Any CPU.ActiveCfg = Debug|Any CPU
		{53676348-226D-4D76-A3E4-C3D3073EA296}.Debug|Any CPU.Build.0 = Debug|Any CPU
		{53676348-226D-4D76-A3E4-C3D3073EA296}.Release|Any CPU.ActiveCfg = Release|Any CPU
		{53676348-226D-4D76-A3E4-C3D3073EA296}.Release|Any CPU.Build.0 = Release|Any CPU
		{F71235E0-1E7A-4535-8F18-2BA7830A5936}.Debug|Any CPU.ActiveCfg = Debug|Any CPU
		{F71235E0-1E7A-4535-8F18-2BA7830A5936}.Debug|Any CPU.Build.0 = Debug|Any CPU
		{F71235E0-1E7A-4535-8F18-2BA7830A5936}.Release|Any CPU.ActiveCfg = Release|Any CPU
		{F71235E0-1E7A-4535-8F18-2BA7830A5936}.Release|Any CPU.Build.0 = Release|Any CPU
		{AAAF0160-E898-4133-B8B5-ABD437395520}.Debug|Any CPU.ActiveCfg = Debug|Any CPU
		{AAAF0160-E898-4133-B8B5-ABD437395520}.Debug|Any CPU.Build.0 = Debug|Any CPU
		{AAAF0160-E898-4133-B8B5-ABD437395520}.Release|Any CPU.ActiveCfg = Release|Any CPU
		{AAAF0160-E898-4133-B8B5-ABD437395520}.Release|Any CPU.Build.0 = Release|Any CPU
		{078B9CEC-BFC4-4928-AB1E-0DCEDF83EFB0}.Debug|Any CPU.ActiveCfg = Debug|Any CPU
		{078B9CEC-BFC4-4928-AB1E-0DCEDF83EFB0}.Debug|Any CPU.Build.0 = Debug|Any CPU
		{078B9CEC-BFC4-4928-AB1E-0DCEDF83EFB0}.Release|Any CPU.ActiveCfg = Release|Any CPU
		{078B9CEC-BFC4-4928-AB1E-0DCEDF83EFB0}.Release|Any CPU.Build.0 = Release|Any CPU
		{E65E7AAE-06DA-4F8D-9939-994B7DE6A8E4}.Debug|Any CPU.ActiveCfg = Debug|Any CPU
		{E65E7AAE-06DA-4F8D-9939-994B7DE6A8E4}.Debug|Any CPU.Build.0 = Debug|Any CPU
		{E65E7AAE-06DA-4F8D-9939-994B7DE6A8E4}.Release|Any CPU.ActiveCfg = Release|Any CPU
		{E65E7AAE-06DA-4F8D-9939-994B7DE6A8E4}.Release|Any CPU.Build.0 = Release|Any CPU
	EndGlobalSection
	GlobalSection(SolutionProperties) = preSolution
		HideSolutionNode = FALSE
	EndGlobalSection
	GlobalSection(ExtensibilityGlobals) = postSolution
		SolutionGuid = {9ED3952D-92D3-4E74-B127-616E05310808}
	EndGlobalSection
EndGlobal
